
Microsoft Visual Studio Solution File, Format Version 12.00
# Visual Studio Version 17
VisualStudioVersion = 17.5.002.0
MinimumVisualStudioVersion = 10.0.40219.1
Project("{9A19103F-16F7-4668-BE54-9A1E7A4F7556}") = "Fuzz", "Fuzz.csproj", "{1B5446E7-C3D9-4ADC-A3C8-A8E289A7AAC2}"
EndProject
Global
	GlobalSection(SolutionConfigurationPlatforms) = preSolution
		Debug|Any CPU = Debug|Any CPU
		Release|Any CPU = Release|Any CPU
	EndGlobalSection
	GlobalSection(ProjectConfigurationPlatforms) = postSolution
		{1B5446E7-C3D9-4ADC-A3C8-A8E289A7AAC2}.Debug|Any CPU.ActiveCfg = Debug|Any CPU
		{1B5446E7-C3D9-4ADC-A3C8-A8E289A7AAC2}.Debug|Any CPU.Build.0 = Debug|Any CPU
		{1B5446E7-C3D9-4ADC-A3C8-A8E289A7AAC2}.Release|Any CPU.ActiveCfg = Release|Any CPU
		{1B5446E7-C3D9-4ADC-A3C8-A8E289A7AAC2}.Release|Any CPU.Build.0 = Release|Any CPU
	EndGlobalSection
	GlobalSection(SolutionProperties) = preSolution
		HideSolutionNode = FALSE
	EndGlobalSection
	GlobalSection(ExtensibilityGlobals) = postSolution
		SolutionGuid = {61F19DC2-6D33-4205-8C7B-C5D161669622}
	EndGlobalSection
EndGlobal
